// !$*UTF8*$!
{
	archiveVersion = 1;
	classes = {
	};
	objectVersion = 46;
	objects = {

/* Begin PBXBuildFile section */
		CF5363731C72EF7C001DCC8E /* 123.jpg in Resources */ = {isa = PBXBuildFile; fileRef = CF5363721C72EF7C001DCC8E /* 123.jpg */; };
		CF5363751C7319D6001DCC8E /* colck.jpg in Resources */ = {isa = PBXBuildFile; fileRef = CF5363741C7319D6001DCC8E /* colck.jpg */; };
		CF5363771C731B09001DCC8E /* zhen.jpg in Resources */ = {isa = PBXBuildFile; fileRef = CF5363761C731B09001DCC8E /* zhen.jpg */; };
		CF99D1E61C7198AA002A1CC6 /* main.m in Sources */ = {isa = PBXBuildFile; fileRef = CF99D1E51C7198AA002A1CC6 /* main.m */; };
		CF99D1E91C7198AA002A1CC6 /* AppDelegate.m in Sources */ = {isa = PBXBuildFile; fileRef = CF99D1E81C7198AA002A1CC6 /* AppDelegate.m */; };
		CF99D1EC1C7198AA002A1CC6 /* ViewController.m in Sources */ = {isa = PBXBuildFile; fileRef = CF99D1EB1C7198AA002A1CC6 /* ViewController.m */; };
		CF99D1EF1C7198AA002A1CC6 /* Main.storyboard in Resources */ = {isa = PBXBuildFile; fileRef = CF99D1ED1C7198AA002A1CC6 /* Main.storyboard */; };
		CF99D1F11C7198AA002A1CC6 /* Assets.xcassets in Resources */ = {isa = PBXBuildFile; fileRef = CF99D1F01C7198AA002A1CC6 /* Assets.xcassets */; };
		CF99D1F41C7198AA002A1CC6 /* LaunchScreen.storyboard in Resources */ = {isa = PBXBuildFile; fileRef = CF99D1F21C7198AA002A1CC6 /* LaunchScreen.storyboard */; };
		CF99D1FF1C7198AA002A1CC6 /* CenterAnimationDemoTests.m in Sources */ = {isa = PBXBuildFile; fileRef = CF99D1FE1C7198AA002A1CC6 /* CenterAnimationDemoTests.m */; };
		CF99D20A1C7198AA002A1CC6 /* CenterAnimationDemoUITests.m in Sources */ = {isa = PBXBuildFile; fileRef = CF99D2091C7198AA002A1CC6 /* CenterAnimationDemoUITests.m */; };
		CF99D2261C719D1B002A1CC6 /* abc.jpg in Resources */ = {isa = PBXBuildFile; fileRef = CF99D2251C719D1B002A1CC6 /* abc.jpg */; };
/* End PBXBuildFile section */

/* Begin PBXContainerItemProxy section */
		CF99D1FB1C7198AA002A1CC6 /* PBXContainerItemProxy */ = {
			isa = PBXContainerItemProxy;
			containerPortal = CF99D1D91C7198AA002A1CC6 /* Project object */;
			proxyType = 1;
			remoteGlobalIDString = CF99D1E01C7198AA002A1CC6;
			remoteInfo = CenterAnimationDemo;
		};
		CF99D2061C7198AA002A1CC6 /* PBXContainerItemProxy */ = {
			isa = PBXContainerItemProxy;
			containerPortal = CF99D1D91C7198AA002A1CC6 /* Project object */;
			proxyType = 1;
			remoteGlobalIDString = CF99D1E01C7198AA002A1CC6;
			remoteInfo = CenterAnimationDemo;
		};
/* End PBXContainerItemProxy section */

/* Begin PBXFileReference section */
		CF5363721C72EF7C001DCC8E /* 123.jpg */ = {isa = PBXFileReference; lastKnownFileType = image.jpeg; path = 123.jpg; sourceTree = "<group>"; };
		CF5363741C7319D6001DCC8E /* colck.jpg */ = {isa = PBXFileReference; lastKnownFileType = image.jpeg; path = colck.jpg; sourceTree = "<group>"; };
		CF5363761C731B09001DCC8E /* zhen.jpg */ = {isa = PBXFileReference; lastKnownFileType = image.jpeg; path = zhen.jpg; sourceTree = "<group>"; };
		CF99D1E11C7198AA002A1CC6 /* CenterAnimationDemo.app */ = {isa = PBXFileReference; explicitFileType = wrapper.application; includeInIndex = 0; path = CenterAnimationDemo.app; sourceTree = BUILT_PRODUCTS_DIR; };
		CF99D1E51C7198AA002A1CC6 /* main.m */ = {isa = PBXFileReference; lastKnownFileType = sourcecode.c.objc; path = main.m; sourceTree = "<group>"; };
		CF99D1E71C7198AA002A1CC6 /* AppDelegate.h */ = {isa = PBXFileReference; lastKnownFileType = sourcecode.c.h; path = AppDelegate.h; sourceTree = "<group>"; };
		CF99D1E81C7198AA002A1CC6 /* AppDelegate.m */ = {isa = PBXFileReference; lastKnownFileType = sourcecode.c.objc; path = AppDelegate.m; sourceTree = "<group>"; };
		CF99D1EA1C7198AA002A1CC6 /* ViewController.h */ = {isa = PBXFileReference; lastKnownFileType = sourcecode.c.h; path = ViewController.h; sourceTree = "<group>"; };
		CF99D1EB1C7198AA002A1CC6 /* ViewController.m */ = {isa = PBXFileReference; lastKnownFileType = sourcecode.c.objc; path = ViewController.m; sourceTree = "<group>"; };
		CF99D1EE1C7198AA002A1CC6 /* Base */ = {isa = PBXFileReference; lastKnownFileType = file.storyboard; name = Base; path = Base.lproj/Main.storyboard; sourceTree = "<group>"; };
		CF99D1F01C7198AA002A1CC6 /* Assets.xcassets */ = {isa = PBXFileReference; lastKnownFileType = folder.assetcatalog; path = Assets.xcassets; sourceTree = "<group>"; };
		CF99D1F31C7198AA002A1CC6 /* Base */ = {isa = PBXFileReference; lastKnownFileType = file.storyboard; name = Base; path = Base.lproj/LaunchScreen.storyboard; sourceTree = "<group>"; };
		CF99D1F51C7198AA002A1CC6 /* Info.plist */ = {isa = PBXFileReference; lastKnownFileType = text.plist.xml; path = Info.plist; sourceTree = "<group>"; };
		CF99D1FA1C7198AA002A1CC6 /* CenterAnimationDemoTests.xctest */ = {isa = PBXFileReference; explicitFileType = wrapper.cfbundle; includeInIndex = 0; path = CenterAnimationDemoTests.xctest; sourceTree = BUILT_PRODUCTS_DIR; };
		CF99D1FE1C7198AA002A1CC6 /* CenterAnimationDemoTests.m */ = {isa = PBXFileReference; lastKnownFileType = sourcecode.c.objc; path = CenterAnimationDemoTests.m; sourceTree = "<group>"; };
		CF99D2001C7198AA002A1CC6 /* Info.plist */ = {isa = PBXFileReference; lastKnownFileType = text.plist.xml; path = Info.plist; sourceTree = "<group>"; };
		CF99D2051C7198AA002A1CC6 /* CenterAnimationDemoUITests.xctest */ = {isa = PBXFileReference; explicitFileType = wrapper.cfbundle; includeInIndex = 0; path = CenterAnimationDemoUITests.xctest; sourceTree = BUILT_PRODUCTS_DIR; };
		CF99D2091C7198AA002A1CC6 /* CenterAnimationDemoUITests.m */ = {isa = PBXFileReference; lastKnownFileType = sourcecode.c.objc; path = CenterAnimationDemoUITests.m; sourceTree = "<group>"; };
		CF99D20B1C7198AA002A1CC6 /* Info.plist */ = {isa = PBXFileReference; lastKnownFileType = text.plist.xml; path = Info.plist; sourceTree = "<group>"; };
		CF99D2251C719D1B002A1CC6 /* abc.jpg */ = {isa = PBXFileReference; lastKnownFileType = image.jpeg; path = abc.jpg; sourceTree = "<group>"; };
/* End PBXFileReference section */

/* Begin PBXFrameworksBuildPhase section */
		CF99D1DE1C7198AA002A1CC6 /* Frameworks */ = {
			isa = PBXFrameworksBuildPhase;
			buildActionMask = 2147483647;
			files = (
			);
			runOnlyForDeploymentPostprocessing = 0;
		};
		CF99D1F71C7198AA002A1CC6 /* Frameworks */ = {
			isa = PBXFrameworksBuildPhase;
			buildActionMask = 2147483647;
			files = (
			);
			runOnlyForDeploymentPostprocessing = 0;
		};
		CF99D2021C7198AA002A1CC6 /* Frameworks */ = {
			isa = PBXFrameworksBuildPhase;
			buildActionMask = 2147483647;
			files = (
			);
			runOnlyForDeploymentPostprocessing = 0;
		};
/* End PBXFrameworksBuildPhase section */

/* Begin PBXGroup section */
		CF99D1D81C7198AA002A1CC6 = {
			isa = PBXGroup;
			children = (
				CF99D1E31C7198AA002A1CC6 /* CenterAnimationDemo */,
				CF99D1FD1C7198AA002A1CC6 /* CenterAnimationDemoTests */,
				CF99D2081C7198AA002A1CC6 /* CenterAnimationDemoUITests */,
				CF99D1E21C7198AA002A1CC6 /* Products */,
			);
			sourceTree = "<group>";
		};
		CF99D1E21C7198AA002A1CC6 /* Products */ = {
			isa = PBXGroup;
			children = (
				CF99D1E11C7198AA002A1CC6 /* CenterAnimationDemo.app */,
				CF99D1FA1C7198AA002A1CC6 /* CenterAnimationDemoTests.xctest */,
				CF99D2051C7198AA002A1CC6 /* CenterAnimationDemoUITests.xctest */,
			);
			name = Products;
			sourceTree = "<group>";
		};
		CF99D1E31C7198AA002A1CC6 /* CenterAnimationDemo */ = {
			isa = PBXGroup;
			children = (
				CF5363761C731B09001DCC8E /* zhen.jpg */,
				CF5363741C7319D6001DCC8E /* colck.jpg */,
				CF5363721C72EF7C001DCC8E /* 123.jpg */,
				CF99D2251C719D1B002A1CC6 /* abc.jpg */,
				CF99D1E71C7198AA002A1CC6 /* AppDelegate.h */,
				CF99D1E81C7198AA002A1CC6 /* AppDelegate.m */,
				CF99D1EA1C7198AA002A1CC6 /* ViewController.h */,
				CF99D1EB1C7198AA002A1CC6 /* ViewController.m */,
				CF99D1ED1C7198AA002A1CC6 /* Main.storyboard */,
				CF99D1F01C7198AA002A1CC6 /* Assets.xcassets */,
				CF99D1F21C7198AA002A1CC6 /* LaunchScreen.storyboard */,
				CF99D1F51C7198AA002A1CC6 /* Info.plist */,
				CF99D1E41C7198AA002A1CC6 /* Supporting Files */,
			);
			path = CenterAnimationDemo;
			sourceTree = "<group>";
		};
		CF99D1E41C7198AA002A1CC6 /* Supporting Files */ = {
			isa = PBXGroup;
			children = (
				CF99D1E51C7198AA002A1CC6 /* main.m */,
			);
			name = "Supporting Files";
			sourceTree = "<group>";
		};
		CF99D1FD1C7198AA002A1CC6 /* CenterAnimationDemoTests */ = {
			isa = PBXGroup;
			children = (
				CF99D1FE1C7198AA002A1CC6 /* CenterAnimationDemoTests.m */,
				CF99D2001C7198AA002A1CC6 /* Info.plist */,
			);
			path = CenterAnimationDemoTests;
			sourceTree = "<group>";
		};
		CF99D2081C7198AA002A1CC6 /* CenterAnimationDemoUITests */ = {
			isa = PBXGroup;
			children = (
				CF99D2091C7198AA002A1CC6 /* CenterAnimationDemoUITests.m */,
				CF99D20B1C7198AA002A1CC6 /* Info.plist */,
			);
			path = CenterAnimationDemoUITests;
			sourceTree = "<group>";
		};
/* End PBXGroup section */

/* Begin PBXNativeTarget section */
		CF99D1E01C7198AA002A1CC6 /* CenterAnimationDemo */ = {
			isa = PBXNativeTarget;
			buildConfigurationList = CF99D20E1C7198AA002A1CC6 /* Build configuration list for PBXNativeTarget "CenterAnimationDemo" */;
			buildPhases = (
				CF99D1DD1C7198AA002A1CC6 /* Sources */,
				CF99D1DE1C7198AA002A1CC6 /* Frameworks */,
				CF99D1DF1C7198AA002A1CC6 /* Resources */,
			);
			buildRules = (
			);
			dependencies = (
			);
			name = CenterAnimationDemo;
			productName = CenterAnimationDemo;
			productReference = CF99D1E11C7198AA002A1CC6 /* CenterAnimationDemo.app */;
			productType = "com.apple.product-type.application";
		};
		CF99D1F91C7198AA002A1CC6 /* CenterAnimationDemoTests */ = {
			isa = PBXNativeTarget;
			buildConfigurationList = CF99D2111C7198AA002A1CC6 /* Build configuration list for PBXNativeTarget "CenterAnimationDemoTests" */;
			buildPhases = (
				CF99D1F61C7198AA002A1CC6 /* Sources */,
				CF99D1F71C7198AA002A1CC6 /* Frameworks */,
				CF99D1F81C7198AA002A1CC6 /* Resources */,
			);
			buildRules = (
			);
			dependencies = (
				CF99D1FC1C7198AA002A1CC6 /* PBXTargetDependency */,
			);
			name = CenterAnimationDemoTests;
			productName = CenterAnimationDemoTests;
			productReference = CF99D1FA1C7198AA002A1CC6 /* CenterAnimationDemoTests.xctest */;
			productType = "com.apple.product-type.bundle.unit-test";
		};
		CF99D2041C7198AA002A1CC6 /* CenterAnimationDemoUITests */ = {
			isa = PBXNativeTarget;
			buildConfigurationList = CF99D2141C7198AA002A1CC6 /* Build configuration list for PBXNativeTarget "CenterAnimationDemoUITests" */;
			buildPhases = (
				CF99D2011C7198AA002A1CC6 /* Sources */,
				CF99D2021C7198AA002A1CC6 /* Frameworks */,
				CF99D2031C7198AA002A1CC6 /* Resources */,
			);
			buildRules = (
			);
			dependencies = (
				CF99D2071C7198AA002A1CC6 /* PBXTargetDependency */,
			);
			name = CenterAnimationDemoUITests;
			productName = CenterAnimationDemoUITests;
			productReference = CF99D2051C7198AA002A1CC6 /* CenterAnimationDemoUITests.xctest */;
			productType = "com.apple.product-type.bundle.ui-testing";
		};
/* End PBXNativeTarget section */

/* Begin PBXProject section */
		CF99D1D91C7198AA002A1CC6 /* Project object */ = {
			isa = PBXProject;
			attributes = {
				LastUpgradeCheck = 0720;
				ORGANIZATIONNAME = "彭雄辉10/9";
				TargetAttributes = {
					CF99D1E01C7198AA002A1CC6 = {
						CreatedOnToolsVersion = 7.2;
					};
					CF99D1F91C7198AA002A1CC6 = {
						CreatedOnToolsVersion = 7.2;
						TestTargetID = CF99D1E01C7198AA002A1CC6;
					};
					CF99D2041C7198AA002A1CC6 = {
						CreatedOnToolsVersion = 7.2;
						TestTargetID = CF99D1E01C7198AA002A1CC6;
					};
				};
			};
			buildConfigurationList = CF99D1DC1C7198AA002A1CC6 /* Build configuration list for PBXProject "CenterAnimationDemo" */;
			compatibilityVersion = "Xcode 3.2";
			developmentRegion = English;
			hasScannedForEncodings = 0;
			knownRegions = (
				en,
				Base,
			);
			mainGroup = CF99D1D81C7198AA002A1CC6;
			productRefGroup = CF99D1E21C7198AA002A1CC6 /* Products */;
			projectDirPath = "";
			projectRoot = "";
			targets = (
				CF99D1E01C7198AA002A1CC6 /* CenterAnimationDemo */,
				CF99D1F91C7198AA002A1CC6 /* CenterAnimationDemoTests */,
				CF99D2041C7198AA002A1CC6 /* CenterAnimationDemoUITests */,
			);
		};
/* End PBXProject section */

/* Begin PBXResourcesBuildPhase section */
		CF99D1DF1C7198AA002A1CC6 /* Resources */ = {
			isa = PBXResourcesBuildPhase;
			buildActionMask = 2147483647;
			files = (
				CF5363751C7319D6001DCC8E /* colck.jpg in Resources */,
				CF99D2261C719D1B002A1CC6 /* abc.jpg in Resources */,
				CF5363771C731B09001DCC8E /* zhen.jpg in Resources */,
				CF99D1F41C7198AA002A1CC6 /* LaunchScreen.storyboard in Resources */,
				CF99D1F11C7198AA002A1CC6 /* Assets.xcassets in Resources */,
				CF99D1EF1C7198AA002A1CC6 /* Main.storyboard in Resources */,
				CF5363731C72EF7C001DCC8E /* 123.jpg in Resources */,
			);
			runOnlyForDeploymentPostprocessing = 0;
		};
		CF99D1F81C7198AA002A1CC6 /* Resources */ = {
			isa = PBXResourcesBuildPhase;
			buildActionMask = 2147483647;
			files = (
			);
			runOnlyForDeploymentPostprocessing = 0;
		};
		CF99D2031C7198AA002A1CC6 /* Resources */ = {
			isa = PBXResourcesBuildPhase;
			buildActionMask = 2147483647;
			files = (
			);
			runOnlyForDeploymentPostprocessing = 0;
		};
/* End PBXResourcesBuildPhase section */

/* Begin PBXSourcesBuildPhase section */
		CF99D1DD1C7198AA002A1CC6 /* Sources */ = {
			isa = PBXSourcesBuildPhase;
			buildActionMask = 2147483647;
			files = (
				CF99D1EC1C7198AA002A1CC6 /* ViewController.m in Sources */,
				CF99D1E91C7198AA002A1CC6 /* AppDelegate.m in Sources */,
				CF99D1E61C7198AA002A1CC6 /* main.m in Sources */,
			);
			runOnlyForDeploymentPostprocessing = 0;
		};
		CF99D1F61C7198AA002A1CC6 /* Sources */ = {
			isa = PBXSourcesBuildPhase;
			buildActionMask = 2147483647;
			files = (
				CF99D1FF1C7198AA002A1CC6 /* CenterAnimationDemoTests.m in Sources */,
			);
			runOnlyForDeploymentPostprocessing = 0;
		};
		CF99D2011C7198AA002A1CC6 /* Sources */ = {
			isa = PBXSourcesBuildPhase;
			buildActionMask = 2147483647;
			files = (
				CF99D20A1C7198AA002A1CC6 /* CenterAnimationDemoUITests.m in Sources */,
			);
			runOnlyForDeploymentPostprocessing = 0;
		};
/* End PBXSourcesBuildPhase section */

/* Begin PBXTargetDependency section */
		CF99D1FC1C7198AA002A1CC6 /* PBXTargetDependency */ = {
			isa = PBXTargetDependency;
			target = CF99D1E01C7198AA002A1CC6 /* CenterAnimationDemo */;
			targetProxy = CF99D1FB1C7198AA002A1CC6 /* PBXContainerItemProxy */;
		};
		CF99D2071C7198AA002A1CC6 /* PBXTargetDependency */ = {
			isa = PBXTargetDependency;
			target = CF99D1E01C7198AA002A1CC6 /* CenterAnimationDemo */;
			targetProxy = CF99D2061C7198AA002A1CC6 /* PBXContainerItemProxy */;
		};
/* End PBXTargetDependency section */

/* Begin PBXVariantGroup section */
		CF99D1ED1C7198AA002A1CC6 /* Main.storyboard */ = {
			isa = PBXVariantGroup;
			children = (
				CF99D1EE1C7198AA002A1CC6 /* Base */,
			);
			name = Main.storyboard;
			sourceTree = "<group>";
		};
		CF99D1F21C7198AA002A1CC6 /* LaunchScreen.storyboard */ = {
			isa = PBXVariantGroup;
			children = (
				CF99D1F31C7198AA002A1CC6 /* Base */,
			);
			name = LaunchScreen.storyboard;
			sourceTree = "<group>";
		};
/* End PBXVariantGroup section */

/* Begin XCBuildConfiguration section */
		CF99D20C1C7198AA002A1CC6 /* Debug */ = {
			isa = XCBuildConfiguration;
			buildSettings = {
				ALWAYS_SEARCH_USER_PATHS = NO;
				CLANG_CXX_LANGUAGE_STANDARD = "gnu++0x";
				CLANG_CXX_LIBRARY = "libc++";
				CLANG_ENABLE_MODULES = YES;
				CLANG_ENABLE_OBJC_ARC = YES;
				CLANG_WARN_BOOL_CONVERSION = YES;
				CLANG_WARN_CONSTANT_CONVERSION = YES;
				CLANG_WARN_DIRECT_OBJC_ISA_USAGE = YES_ERROR;
				CLANG_WARN_EMPTY_BODY = YES;
				CLANG_WARN_ENUM_CONVERSION = YES;
				CLANG_WARN_INT_CONVERSION = YES;
				CLANG_WARN_OBJC_ROOT_CLASS = YES_ERROR;
				CLANG_WARN_UNREACHABLE_CODE = YES;
				CLANG_WARN__DUPLICATE_METHOD_MATCH = YES;
				"CODE_SIGN_IDENTITY[sdk=iphoneos*]" = "iPhone Developer";
				COPY_PHASE_STRIP = NO;
				DEBUG_INFORMATION_FORMAT = dwarf;
				ENABLE_STRICT_OBJC_MSGSEND = YES;
				ENABLE_TESTABILITY = YES;
				GCC_C_LANGUAGE_STANDARD = gnu99;
				GCC_DYNAMIC_NO_PIC = NO;
				GCC_NO_COMMON_BLOCKS = YES;
				GCC_OPTIMIZATION_LEVEL = 0;
				GCC_PREPROCESSOR_DEFINITIONS = (
					"DEBUG=1",
					"$(inherited)",
				);
				GCC_WARN_64_TO_32_BIT_CONVERSION = YES;
				GCC_WARN_ABOUT_RETURN_TYPE = YES_ERROR;
				GCC_WARN_UNDECLARED_SELECTOR = YES;
				GCC_WARN_UNINITIALIZED_AUTOS = YES_AGGRESSIVE;
				GCC_WARN_UNUSED_FUNCTION = YES;
				GCC_WARN_UNUSED_VARIABLE = YES;
				IPHONEOS_DEPLOYMENT_TARGET = 9.2;
				MTL_ENABLE_DEBUG_INFO = YES;
				ONLY_ACTIVE_ARCH = YES;
				SDKROOT = iphoneos;
			};
			name = Debug;
		};
		CF99D20D1C7198AA002A1CC6 /* Release */ = {
			isa = XCBuildConfiguration;
			buildSettings = {
				ALWAYS_SEARCH_USER_PATHS = NO;
				CLANG_CXX_LANGUAGE_STANDARD = "gnu++0x";
				CLANG_CXX_LIBRARY = "libc++";
				CLANG_ENABLE_MODULES = YES;
				CLANG_ENABLE_OBJC_ARC = YES;
				CLANG_WARN_BOOL_CONVERSION = YES;
				CLANG_WARN_CONSTANT_CONVERSION = YES;
				CLANG_WARN_DIRECT_OBJC_ISA_USAGE = YES_ERROR;
				CLANG_WARN_EMPTY_BODY = YES;
				CLANG_WARN_ENUM_CONVERSION = YES;
				CLANG_WARN_INT_CONVERSION = YES;
				CLANG_WARN_OBJC_ROOT_CLASS = YES_ERROR;
				CLANG_WARN_UNREACHABLE_CODE = YES;
				CLANG_WARN__DUPLICATE_METHOD_MATCH = YES;
				"CODE_SIGN_IDENTITY[sdk=iphoneos*]" = "iPhone Developer";
				COPY_PHASE_STRIP = NO;
				DEBUG_INFORMATION_FORMAT = "dwarf-with-dsym";
				ENABLE_NS_ASSERTIONS = NO;
				ENABLE_STRICT_OBJC_MSGSEND = YES;
				GCC_C_LANGUAGE_STANDARD = gnu99;
				GCC_NO_COMMON_BLOCKS = YES;
				GCC_WARN_64_TO_32_BIT_CONVERSION = YES;
				GCC_WARN_ABOUT_RETURN_TYPE = YES_ERROR;
				GCC_WARN_UNDECLARED_SELECTOR = YES;
				GCC_WARN_UNINITIALIZED_AUTOS = YES_AGGRESSIVE;
				GCC_WARN_UNUSED_FUNCTION = YES;
				GCC_WARN_UNUSED_VARIABLE = YES;
				IPHONEOS_DEPLOYMENT_TARGET = 9.2;
				MTL_ENABLE_DEBUG_INFO = NO;
				SDKROOT = iphoneos;
				VALIDATE_PRODUCT = YES;
			};
			name = Release;
		};
		CF99D20F1C7198AA002A1CC6 /* Debug */ = {
			isa = XCBuildConfiguration;
			buildSettings = {
				ASSETCATALOG_COMPILER_APPICON_NAME = AppIcon;
				INFOPLIST_FILE = CenterAnimationDemo/Info.plist;
				LD_RUNPATH_SEARCH_PATHS = "$(inherited) @executable_path/Frameworks";
				PRODUCT_BUNDLE_IDENTIFIER = com.peng.demo.CenterAnimationDemo;
				PRODUCT_NAME = "$(TARGET_NAME)";
			};
			name = Debug;
		};
		CF99D2101C7198AA002A1CC6 /* Release */ = {
			isa = XCBuildConfiguration;
			buildSettings = {
				ASSETCATALOG_COMPILER_APPICON_NAME = AppIcon;
				INFOPLIST_FILE = CenterAnimationDemo/Info.plist;
				LD_RUNPATH_SEARCH_PATHS = "$(inherited) @executable_path/Frameworks";
				PRODUCT_BUNDLE_IDENTIFIER = com.peng.demo.CenterAnimationDemo;
				PRODUCT_NAME = "$(TARGET_NAME)";
			};
			name = Release;
		};
		CF99D2121C7198AA002A1CC6 /* Debug */ = {
			isa = XCBuildConfiguration;
			buildSettings = {
				BUNDLE_LOADER = "$(TEST_HOST)";
				INFOPLIST_FILE = CenterAnimationDemoTests/Info.plist;
				LD_RUNPATH_SEARCH_PATHS = "$(inherited) @executable_path/Frameworks @loader_path/Frameworks";
				PRODUCT_BUNDLE_IDENTIFIER = com.peng.demo.CenterAnimationDemoTests;
				PRODUCT_NAME = "$(TARGET_NAME)";
				TEST_HOST = "$(BUILT_PRODUCTS_DIR)/CenterAnimationDemo.app/CenterAnimationDemo";
			};
			name = Debug;
		};
		CF99D2131C7198AA002A1CC6 /* Release */ = {
			isa = XCBuildConfiguration;
			buildSettings = {
				BUNDLE_LOADER = "$(TEST_HOST)";
				INFOPLIST_FILE = CenterAnimationDemoTests/Info.plist;
				LD_RUNPATH_SEARCH_PATHS = "$(inherited) @executable_path/Frameworks @loader_path/Frameworks";
				PRODUCT_BUNDLE_IDENTIFIER = com.peng.demo.CenterAnimationDemoTests;
				PRODUCT_NAME = "$(TARGET_NAME)";
				TEST_HOST = "$(BUILT_PRODUCTS_DIR)/CenterAnimationDemo.app/CenterAnimationDemo";
			};
			name = Release;
		};
		CF99D2151C7198AA002A1CC6 /* Debug */ = {
			isa = XCBuildConfiguration;
			buildSettings = {
				INFOPLIST_FILE = CenterAnimationDemoUITests/Info.plist;
				LD_RUNPATH_SEARCH_PATHS = "$(inherited) @executable_path/Frameworks @loader_path/Frameworks";
				PRODUCT_BUNDLE_IDENTIFIER = com.peng.demo.CenterAnimationDemoUITests;
				PRODUCT_NAME = "$(TARGET_NAME)";
				TEST_TARGET_NAME = CenterAnimationDemo;
				USES_XCTRUNNER = YES;
			};
			name = Debug;
		};
		CF99D2161C7198AA002A1CC6 /* Release */ = {
			isa = XCBuildConfiguration;
			buildSettings = {
				INFOPLIST_FILE = CenterAnimationDemoUITests/Info.plist;
				LD_RUNPATH_SEARCH_PATHS = "$(inherited) @executable_path/Frameworks @loader_path/Frameworks";
				PRODUCT_BUNDLE_IDENTIFIER = com.peng.demo.CenterAnimationDemoUITests;
				PRODUCT_NAME = "$(TARGET_NAME)";
				TEST_TARGET_NAME = CenterAnimationDemo;
				USES_XCTRUNNER = YES;
			};
			name = Release;
		};
/* End XCBuildConfiguration section */

/* Begin XCConfigurationList section */
		CF99D1DC1C7198AA002A1CC6 /* Build configuration list for PBXProject "CenterAnimationDemo" */ = {
			isa = XCConfigurationList;
			buildConfigurations = (
				CF99D20C1C7198AA002A1CC6 /* Debug */,
				CF99D20D1C7198AA002A1CC6 /* Release */,
			);
			defaultConfigurationIsVisible = 0;
			defaultConfigurationName = Release;
		};
		CF99D20E1C7198AA002A1CC6 /* Build configuration list for PBXNativeTarget "CenterAnimationDemo" */ = {
			isa = XCConfigurationList;
			buildConfigurations = (
				CF99D20F1C7198AA002A1CC6 /* Debug */,
				CF99D2101C7198AA002A1CC6 /* Release */,
			);
			defaultConfigurationIsVisible = 0;
			defaultConfigurationName = Release;
		};
		CF99D2111C7198AA002A1CC6 /* Build configuration list for PBXNativeTarget "CenterAnimationDemoTests" */ = {
			isa = XCConfigurationList;
			buildConfigurations = (
				CF99D2121C7198AA002A1CC6 /* Debug */,
				CF99D2131C7198AA002A1CC6 /* Release */,
			);
			defaultConfigurationIsVisible = 0;
			defaultConfigurationName = Release;
		};
		CF99D2141C7198AA002A1CC6 /* Build configuration list for PBXNativeTarget "CenterAnimationDemoUITests" */ = {
			isa = XCConfigurationList;
			buildConfigurations = (
				CF99D2151C7198AA002A1CC6 /* Debug */,
				CF99D2161C7198AA002A1CC6 /* Release */,
			);
			defaultConfigurationIsVisible = 0;
			defaultConfigurationName = Release;
		};
/* End XCConfigurationList section */
	};
	rootObject = CF99D1D91C7198AA002A1CC6 /* Project object */;
}
